
Microsoft Visual Studio Solution File, Format Version 12.00
# Visual Studio 15
VisualStudioVersion = 15.0.28307.852
MinimumVisualStudioVersion = 10.0.40219.1
Project("{FAE04EC0-301F-11D3-BF4B-00C04F79EFBC}") = "07_Pr_1_Asansyor", "07_Pr_1_Asansyor\07_Pr_1_Asansyor.csproj", "{D9A7AC70-E056-45A2-B698-5BBF727940D6}"
EndProject
Global
	GlobalSection(SolutionConfigurationPlatforms) = preSolution
		Debug|Any CPU = Debug|Any CPU
		Release|Any CPU = Release|Any CPU
	EndGlobalSection
	GlobalSection(ProjectConfigurationPlatforms) = postSolution
		{D9A7AC70-E056-45A2-B698-5BBF727940D6}.Debug|Any CPU.ActiveCfg = Debug|Any CPU
		{D9A7AC70-E056-45A2-B698-5BBF727940D6}.Debug|Any CPU.Build.0 = Debug|Any CPU
		{D9A7AC70-E056-45A2-B698-5BBF727940D6}.Release|Any CPU.ActiveCfg = Release|Any CPU
		{D9A7AC70-E056-45A2-B698-5BBF727940D6}.Release|Any CPU.Build.0 = Release|Any CPU
	EndGlobalSection
	GlobalSection(SolutionProperties) = preSolution
		HideSolutionNode = FALSE
	EndGlobalSection
	GlobalSection(ExtensibilityGlobals) = postSolution
		SolutionGuid = {AC2431F7-3AEA-4C0D-A1FC-C4139408518F}
	EndGlobalSection
EndGlobal
