
Microsoft Visual Studio Solution File, Format Version 12.00
# Visual Studio 15
VisualStudioVersion = 15.0.28307.852
MinimumVisualStudioVersion = 10.0.40219.1
Project("{FAE04EC0-301F-11D3-BF4B-00C04F79EFBC}") = "07_Pr_2_BulPr", "07_Pr_2_BulPr\07_Pr_2_BulPr.csproj", "{6B823BCB-6478-4D86-B4D5-B4785650D746}"
EndProject
Global
	GlobalSection(SolutionConfigurationPlatforms) = preSolution
		Debug|Any CPU = Debug|Any CPU
		Release|Any CPU = Release|Any CPU
	EndGlobalSection
	GlobalSection(ProjectConfigurationPlatforms) = postSolution
		{6B823BCB-6478-4D86-B4D5-B4785650D746}.Debug|Any CPU.ActiveCfg = Debug|Any CPU
		{6B823BCB-6478-4D86-B4D5-B4785650D746}.Debug|Any CPU.Build.0 = Debug|Any CPU
		{6B823BCB-6478-4D86-B4D5-B4785650D746}.Release|Any CPU.ActiveCfg = Release|Any CPU
		{6B823BCB-6478-4D86-B4D5-B4785650D746}.Release|Any CPU.Build.0 = Release|Any CPU
	EndGlobalSection
	GlobalSection(SolutionProperties) = preSolution
		HideSolutionNode = FALSE
	EndGlobalSection
	GlobalSection(ExtensibilityGlobals) = postSolution
		SolutionGuid = {8F4158DE-7F42-41CB-9A5F-10F66AC57355}
	EndGlobalSection
EndGlobal
