
Microsoft Visual Studio Solution File, Format Version 12.00
# Visual Studio 15
VisualStudioVersion = 15.0.28307.852
MinimumVisualStudioVersion = 10.0.40219.1
Project("{FAE04EC0-301F-11D3-BF4B-00C04F79EFBC}") = "Demo1", "Demo1\Demo1.csproj", "{20E52433-3790-4BFF-95BB-5ED0E075DEB0}"
EndProject
Global
	GlobalSection(SolutionConfigurationPlatforms) = preSolution
		Debug|Any CPU = Debug|Any CPU
		Release|Any CPU = Release|Any CPU
	EndGlobalSection
	GlobalSection(ProjectConfigurationPlatforms) = postSolution
		{20E52433-3790-4BFF-95BB-5ED0E075DEB0}.Debug|Any CPU.ActiveCfg = Debug|Any CPU
		{20E52433-3790-4BFF-95BB-5ED0E075DEB0}.Debug|Any CPU.Build.0 = Debug|Any CPU
		{20E52433-3790-4BFF-95BB-5ED0E075DEB0}.Release|Any CPU.ActiveCfg = Release|Any CPU
		{20E52433-3790-4BFF-95BB-5ED0E075DEB0}.Release|Any CPU.Build.0 = Release|Any CPU
	EndGlobalSection
	GlobalSection(SolutionProperties) = preSolution
		HideSolutionNode = FALSE
	EndGlobalSection
	GlobalSection(ExtensibilityGlobals) = postSolution
		SolutionGuid = {B039A607-EB70-47CB-A300-14AD1F755212}
	EndGlobalSection
EndGlobal
