
Microsoft Visual Studio Solution File, Format Version 12.00
# Visual Studio 15
VisualStudioVersion = 15.0.28307.852
MinimumVisualStudioVersion = 10.0.40219.1
Project("{FAE04EC0-301F-11D3-BF4B-00C04F79EFBC}") = "sortMasivi", "sortMasivi\sortMasivi.csproj", "{AF20DB5D-DCD8-4DF2-996A-845A8A1ED87F}"
EndProject
Global
	GlobalSection(SolutionConfigurationPlatforms) = preSolution
		Debug|Any CPU = Debug|Any CPU
		Release|Any CPU = Release|Any CPU
	EndGlobalSection
	GlobalSection(ProjectConfigurationPlatforms) = postSolution
		{AF20DB5D-DCD8-4DF2-996A-845A8A1ED87F}.Debug|Any CPU.ActiveCfg = Debug|Any CPU
		{AF20DB5D-DCD8-4DF2-996A-845A8A1ED87F}.Debug|Any CPU.Build.0 = Debug|Any CPU
		{AF20DB5D-DCD8-4DF2-996A-845A8A1ED87F}.Release|Any CPU.ActiveCfg = Release|Any CPU
		{AF20DB5D-DCD8-4DF2-996A-845A8A1ED87F}.Release|Any CPU.Build.0 = Release|Any CPU
	EndGlobalSection
	GlobalSection(SolutionProperties) = preSolution
		HideSolutionNode = FALSE
	EndGlobalSection
	GlobalSection(ExtensibilityGlobals) = postSolution
		SolutionGuid = {473B0527-7938-4BDC-AD84-431FD0D1D6B4}
	EndGlobalSection
EndGlobal
