
Microsoft Visual Studio Solution File, Format Version 12.00
# Visual Studio 15
VisualStudioVersion = 15.0.28307.852
MinimumVisualStudioVersion = 10.0.40219.1
Project("{FAE04EC0-301F-11D3-BF4B-00C04F79EFBC}") = "Masiv_1", "Masiv_1\Masiv_1.csproj", "{4233DE9A-B312-4ED9-A334-9A9D9D96C25D}"
EndProject
Global
	GlobalSection(SolutionConfigurationPlatforms) = preSolution
		Debug|Any CPU = Debug|Any CPU
		Release|Any CPU = Release|Any CPU
	EndGlobalSection
	GlobalSection(ProjectConfigurationPlatforms) = postSolution
		{4233DE9A-B312-4ED9-A334-9A9D9D96C25D}.Debug|Any CPU.ActiveCfg = Debug|Any CPU
		{4233DE9A-B312-4ED9-A334-9A9D9D96C25D}.Debug|Any CPU.Build.0 = Debug|Any CPU
		{4233DE9A-B312-4ED9-A334-9A9D9D96C25D}.Release|Any CPU.ActiveCfg = Release|Any CPU
		{4233DE9A-B312-4ED9-A334-9A9D9D96C25D}.Release|Any CPU.Build.0 = Release|Any CPU
	EndGlobalSection
	GlobalSection(SolutionProperties) = preSolution
		HideSolutionNode = FALSE
	EndGlobalSection
	GlobalSection(ExtensibilityGlobals) = postSolution
		SolutionGuid = {A7A567B2-CED4-4CBC-95F3-D1388DD545AD}
	EndGlobalSection
EndGlobal
