
Microsoft Visual Studio Solution File, Format Version 12.00
# Visual Studio 15
VisualStudioVersion = 15.0.28307.852
MinimumVisualStudioVersion = 10.0.40219.1
Project("{FAE04EC0-301F-11D3-BF4B-00C04F79EFBC}") = "Masivi_VhodIzhod1", "Masivi_VhodIzhod1\Masivi_VhodIzhod1.csproj", "{3B45F345-AB8D-4978-84B4-28EC4706F88C}"
EndProject
Global
	GlobalSection(SolutionConfigurationPlatforms) = preSolution
		Debug|Any CPU = Debug|Any CPU
		Release|Any CPU = Release|Any CPU
	EndGlobalSection
	GlobalSection(ProjectConfigurationPlatforms) = postSolution
		{3B45F345-AB8D-4978-84B4-28EC4706F88C}.Debug|Any CPU.ActiveCfg = Debug|Any CPU
		{3B45F345-AB8D-4978-84B4-28EC4706F88C}.Debug|Any CPU.Build.0 = Debug|Any CPU
		{3B45F345-AB8D-4978-84B4-28EC4706F88C}.Release|Any CPU.ActiveCfg = Release|Any CPU
		{3B45F345-AB8D-4978-84B4-28EC4706F88C}.Release|Any CPU.Build.0 = Release|Any CPU
	EndGlobalSection
	GlobalSection(SolutionProperties) = preSolution
		HideSolutionNode = FALSE
	EndGlobalSection
	GlobalSection(ExtensibilityGlobals) = postSolution
		SolutionGuid = {C48870DE-EBC2-467E-BA8B-9CD4B7715485}
	EndGlobalSection
EndGlobal
