
Microsoft Visual Studio Solution File, Format Version 12.00
# Visual Studio 15
VisualStudioVersion = 15.0.28307.852
MinimumVisualStudioVersion = 10.0.40219.1
Project("{FAE04EC0-301F-11D3-BF4B-00C04F79EFBC}") = "MahaneInterval_pri_SPLIT", "MahaneInterval_pri_SPLIT\MahaneInterval_pri_SPLIT.csproj", "{9BADC1B7-4357-4953-8A2E-BC5208109DFC}"
EndProject
Global
	GlobalSection(SolutionConfigurationPlatforms) = preSolution
		Debug|Any CPU = Debug|Any CPU
		Release|Any CPU = Release|Any CPU
	EndGlobalSection
	GlobalSection(ProjectConfigurationPlatforms) = postSolution
		{9BADC1B7-4357-4953-8A2E-BC5208109DFC}.Debug|Any CPU.ActiveCfg = Debug|Any CPU
		{9BADC1B7-4357-4953-8A2E-BC5208109DFC}.Debug|Any CPU.Build.0 = Debug|Any CPU
		{9BADC1B7-4357-4953-8A2E-BC5208109DFC}.Release|Any CPU.ActiveCfg = Release|Any CPU
		{9BADC1B7-4357-4953-8A2E-BC5208109DFC}.Release|Any CPU.Build.0 = Release|Any CPU
	EndGlobalSection
	GlobalSection(SolutionProperties) = preSolution
		HideSolutionNode = FALSE
	EndGlobalSection
	GlobalSection(ExtensibilityGlobals) = postSolution
		SolutionGuid = {231AD4CD-D6FB-461A-9B36-EEE239302BEE}
	EndGlobalSection
EndGlobal
