
Microsoft Visual Studio Solution File, Format Version 12.00
# Visual Studio 15
VisualStudioVersion = 15.0.28307.852
MinimumVisualStudioVersion = 10.0.40219.1
Project("{FAE04EC0-301F-11D3-BF4B-00C04F79EFBC}") = "SortiraneChasove", "SortiraneChasove\SortiraneChasove.csproj", "{3DA54170-2B97-4BBB-A152-117057D91BB6}"
EndProject
Global
	GlobalSection(SolutionConfigurationPlatforms) = preSolution
		Debug|Any CPU = Debug|Any CPU
		Release|Any CPU = Release|Any CPU
	EndGlobalSection
	GlobalSection(ProjectConfigurationPlatforms) = postSolution
		{3DA54170-2B97-4BBB-A152-117057D91BB6}.Debug|Any CPU.ActiveCfg = Debug|Any CPU
		{3DA54170-2B97-4BBB-A152-117057D91BB6}.Debug|Any CPU.Build.0 = Debug|Any CPU
		{3DA54170-2B97-4BBB-A152-117057D91BB6}.Release|Any CPU.ActiveCfg = Release|Any CPU
		{3DA54170-2B97-4BBB-A152-117057D91BB6}.Release|Any CPU.Build.0 = Release|Any CPU
	EndGlobalSection
	GlobalSection(SolutionProperties) = preSolution
		HideSolutionNode = FALSE
	EndGlobalSection
	GlobalSection(ExtensibilityGlobals) = postSolution
		SolutionGuid = {E3505F39-99A9-4C81-9E4D-D0BDB9BC3938}
	EndGlobalSection
EndGlobal
